// !$*UTF8*$!
{
	archiveVersion = 1;
	classes = {
	};
	objectVersion = 55;
	objects = {

/* Begin PBXBuildFile section */
		A06E0BB52B172C0100BBB2CC /* AppDelegate.swift in Sources */ = {isa = PBXBuildFile; fileRef = A06E0BB42B172C0100BBB2CC /* AppDelegate.swift */; };
		A06E0BB72B172C0100BBB2CC /* SceneDelegate.swift in Sources */ = {isa = PBXBuildFile; fileRef = A06E0BB62B172C0100BBB2CC /* SceneDelegate.swift */; };
		A06E0BB92B172C0100BBB2CC /* ViewController.swift in Sources */ = {isa = PBXBuildFile; fileRef = A06E0BB82B172C0100BBB2CC /* ViewController.swift */; };
		A06E0BBC2B172C0100BBB2CC /* Main.storyboard in Resources */ = {isa = PBXBuildFile; fileRef = A06E0BBA2B172C0100BBB2CC /* Main.storyboard */; };
		A06E0BBE2B172C0300BBB2CC /* Assets.xcassets in Resources */ = {isa = PBXBuildFile; fileRef = A06E0BBD2B172C0300BBB2CC /* Assets.xcassets */; };
		A06E0BC12B172C0300BBB2CC /* LaunchScreen.storyboard in Resources */ = {isa = PBXBuildFile; fileRef = A06E0BBF2B172C0300BBB2CC /* LaunchScreen.storyboard */; };
		A06E0BD52B173EFA00BBB2CC /* UIColor+Extension.swift in Sources */ = {isa = PBXBuildFile; fileRef = A06E0BD42B173EFA00BBB2CC /* UIColor+Extension.swift */; };
		A06E0BD72B17418200BBB2CC /* CustomView.swift in Sources */ = {isa = PBXBuildFile; fileRef = A06E0BD62B17418200BBB2CC /* CustomView.swift */; };
		A06E0BE02B17520800BBB2CC /* CustomImageView.swift in Sources */ = {isa = PBXBuildFile; fileRef = A06E0BDF2B17520800BBB2CC /* CustomImageView.swift */; };
		A06E0BE22B17532100BBB2CC /* UIView+Extension.swift in Sources */ = {isa = PBXBuildFile; fileRef = A06E0BE12B17532100BBB2CC /* UIView+Extension.swift */; };
		A06E0BEF2B176EA100BBB2CC /* CustomButton.swift in Sources */ = {isa = PBXBuildFile; fileRef = A06E0BEE2B176EA100BBB2CC /* CustomButton.swift */; };
		A06E0BF52B1770F900BBB2CC /* CreateAdViewController.swift in Sources */ = {isa = PBXBuildFile; fileRef = A06E0BF32B1770F900BBB2CC /* CreateAdViewController.swift */; };
		A06E0BF62B1770F900BBB2CC /* CreateAdViewController.xib in Resources */ = {isa = PBXBuildFile; fileRef = A06E0BF42B1770F900BBB2CC /* CreateAdViewController.xib */; };
		A06E0C092B17863200BBB2CC /* CategoriesViewController.xib in Resources */ = {isa = PBXBuildFile; fileRef = A06E0BF82B17863200BBB2CC /* CategoriesViewController.xib */; };
		A06E0C0A2B17863200BBB2CC /* CategoriesViewController.swift in Sources */ = {isa = PBXBuildFile; fileRef = A06E0BF92B17863200BBB2CC /* CategoriesViewController.swift */; };
		A06E0C0B2B17863200BBB2CC /* CategoryImageCollectionCell.swift in Sources */ = {isa = PBXBuildFile; fileRef = A06E0BFC2B17863200BBB2CC /* CategoryImageCollectionCell.swift */; };
		A06E0C0C2B17863200BBB2CC /* CategoryImageCollectionCell.xib in Resources */ = {isa = PBXBuildFile; fileRef = A06E0BFD2B17863200BBB2CC /* CategoryImageCollectionCell.xib */; };
		A06E0C0D2B17863200BBB2CC /* HorizontalCollectionCell.xib in Resources */ = {isa = PBXBuildFile; fileRef = A06E0BFF2B17863200BBB2CC /* HorizontalCollectionCell.xib */; };
		A06E0C0E2B17863200BBB2CC /* HorizontalCollectionCell.swift in Sources */ = {isa = PBXBuildFile; fileRef = A06E0C002B17863200BBB2CC /* HorizontalCollectionCell.swift */; };
		A06E0C0F2B17863200BBB2CC /* DiscoverPeopleCollectionCell.swift in Sources */ = {isa = PBXBuildFile; fileRef = A06E0C022B17863200BBB2CC /* DiscoverPeopleCollectionCell.swift */; };
		A06E0C102B17863200BBB2CC /* DiscoverPeopleCollectionCell.xib in Resources */ = {isa = PBXBuildFile; fileRef = A06E0C032B17863200BBB2CC /* DiscoverPeopleCollectionCell.xib */; };
		A06E0C112B17863200BBB2CC /* LabelCollectionViewCell.swift in Sources */ = {isa = PBXBuildFile; fileRef = A06E0C052B17863200BBB2CC /* LabelCollectionViewCell.swift */; };
		A06E0C122B17863200BBB2CC /* LabelCollectionViewCell.xib in Resources */ = {isa = PBXBuildFile; fileRef = A06E0C062B17863200BBB2CC /* LabelCollectionViewCell.xib */; };
		A06E0C132B17863200BBB2CC /* User.swift in Sources */ = {isa = PBXBuildFile; fileRef = A06E0C082B17863200BBB2CC /* User.swift */; };
		A06E0C152B17870300BBB2CC /* String+Extension.swift in Sources */ = {isa = PBXBuildFile; fileRef = A06E0C142B17870300BBB2CC /* String+Extension.swift */; };
		A06E0C182B178A6F00BBB2CC /* CategoriesViewModel.swift in Sources */ = {isa = PBXBuildFile; fileRef = A06E0C172B178A6F00BBB2CC /* CategoriesViewModel.swift */; };
/* End PBXBuildFile section */

/* Begin PBXFileReference section */
		A06E0BB12B172C0100BBB2CC /* DeshAndDezTask.app */ = {isa = PBXFileReference; explicitFileType = wrapper.application; includeInIndex = 0; path = DeshAndDezTask.app; sourceTree = BUILT_PRODUCTS_DIR; };
		A06E0BB42B172C0100BBB2CC /* AppDelegate.swift */ = {isa = PBXFileReference; lastKnownFileType = sourcecode.swift; path = AppDelegate.swift; sourceTree = "<group>"; };
		A06E0BB62B172C0100BBB2CC /* SceneDelegate.swift */ = {isa = PBXFileReference; lastKnownFileType = sourcecode.swift; path = SceneDelegate.swift; sourceTree = "<group>"; };
		A06E0BB82B172C0100BBB2CC /* ViewController.swift */ = {isa = PBXFileReference; lastKnownFileType = sourcecode.swift; path = ViewController.swift; sourceTree = "<group>"; };
		A06E0BBB2B172C0100BBB2CC /* Base */ = {isa = PBXFileReference; lastKnownFileType = file.storyboard; name = Base; path = Base.lproj/Main.storyboard; sourceTree = "<group>"; };
		A06E0BBD2B172C0300BBB2CC /* Assets.xcassets */ = {isa = PBXFileReference; lastKnownFileType = folder.assetcatalog; path = Assets.xcassets; sourceTree = "<group>"; };
		A06E0BC02B172C0300BBB2CC /* Base */ = {isa = PBXFileReference; lastKnownFileType = file.storyboard; name = Base; path = Base.lproj/LaunchScreen.storyboard; sourceTree = "<group>"; };
		A06E0BC22B172C0300BBB2CC /* Info.plist */ = {isa = PBXFileReference; lastKnownFileType = text.plist.xml; path = Info.plist; sourceTree = "<group>"; };
		A06E0BD42B173EFA00BBB2CC /* UIColor+Extension.swift */ = {isa = PBXFileReference; lastKnownFileType = sourcecode.swift; path = "UIColor+Extension.swift"; sourceTree = "<group>"; };
		A06E0BD62B17418200BBB2CC /* CustomView.swift */ = {isa = PBXFileReference; lastKnownFileType = sourcecode.swift; path = CustomView.swift; sourceTree = "<group>"; };
		A06E0BDF2B17520800BBB2CC /* CustomImageView.swift */ = {isa = PBXFileReference; lastKnownFileType = sourcecode.swift; path = CustomImageView.swift; sourceTree = "<group>"; };
		A06E0BE12B17532100BBB2CC /* UIView+Extension.swift */ = {isa = PBXFileReference; lastKnownFileType = sourcecode.swift; path = "UIView+Extension.swift"; sourceTree = "<group>"; };
		A06E0BEE2B176EA100BBB2CC /* CustomButton.swift */ = {isa = PBXFileReference; lastKnownFileType = sourcecode.swift; path = CustomButton.swift; sourceTree = "<group>"; };
		A06E0BF32B1770F900BBB2CC /* CreateAdViewController.swift */ = {isa = PBXFileReference; lastKnownFileType = sourcecode.swift; path = CreateAdViewController.swift; sourceTree = "<group>"; };
		A06E0BF42B1770F900BBB2CC /* CreateAdViewController.xib */ = {isa = PBXFileReference; lastKnownFileType = file.xib; path = CreateAdViewController.xib; sourceTree = "<group>"; };
		A06E0BF82B17863200BBB2CC /* CategoriesViewController.xib */ = {isa = PBXFileReference; fileEncoding = 4; lastKnownFileType = file.xib; path = CategoriesViewController.xib; sourceTree = "<group>"; };
		A06E0BF92B17863200BBB2CC /* CategoriesViewController.swift */ = {isa = PBXFileReference; fileEncoding = 4; lastKnownFileType = sourcecode.swift; path = CategoriesViewController.swift; sourceTree = "<group>"; };
		A06E0BFC2B17863200BBB2CC /* CategoryImageCollectionCell.swift */ = {isa = PBXFileReference; fileEncoding = 4; lastKnownFileType = sourcecode.swift; path = CategoryImageCollectionCell.swift; sourceTree = "<group>"; };
		A06E0BFD2B17863200BBB2CC /* CategoryImageCollectionCell.xib */ = {isa = PBXFileReference; fileEncoding = 4; lastKnownFileType = file.xib; path = CategoryImageCollectionCell.xib; sourceTree = "<group>"; };
		A06E0BFF2B17863200BBB2CC /* HorizontalCollectionCell.xib */ = {isa = PBXFileReference; fileEncoding = 4; lastKnownFileType = file.xib; path = HorizontalCollectionCell.xib; sourceTree = "<group>"; };
		A06E0C002B17863200BBB2CC /* HorizontalCollectionCell.swift */ = {isa = PBXFileReference; fileEncoding = 4; lastKnownFileType = sourcecode.swift; path = HorizontalCollectionCell.swift; sourceTree = "<group>"; };
		A06E0C022B17863200BBB2CC /* DiscoverPeopleCollectionCell.swift */ = {isa = PBXFileReference; fileEncoding = 4; lastKnownFileType = sourcecode.swift; path = DiscoverPeopleCollectionCell.swift; sourceTree = "<group>"; };
		A06E0C032B17863200BBB2CC /* DiscoverPeopleCollectionCell.xib */ = {isa = PBXFileReference; fileEncoding = 4; lastKnownFileType = file.xib; path = DiscoverPeopleCollectionCell.xib; sourceTree = "<group>"; };
		A06E0C052B17863200BBB2CC /* LabelCollectionViewCell.swift */ = {isa = PBXFileReference; fileEncoding = 4; lastKnownFileType = sourcecode.swift; path = LabelCollectionViewCell.swift; sourceTree = "<group>"; };
		A06E0C062B17863200BBB2CC /* LabelCollectionViewCell.xib */ = {isa = PBXFileReference; fileEncoding = 4; lastKnownFileType = file.xib; path = LabelCollectionViewCell.xib; sourceTree = "<group>"; };
		A06E0C082B17863200BBB2CC /* User.swift */ = {isa = PBXFileReference; fileEncoding = 4; lastKnownFileType = sourcecode.swift; path = User.swift; sourceTree = "<group>"; };
		A06E0C142B17870300BBB2CC /* String+Extension.swift */ = {isa = PBXFileReference; fileEncoding = 4; lastKnownFileType = sourcecode.swift; path = "String+Extension.swift"; sourceTree = "<group>"; };
		A06E0C172B178A6F00BBB2CC /* CategoriesViewModel.swift */ = {isa = PBXFileReference; lastKnownFileType = sourcecode.swift; path = CategoriesViewModel.swift; sourceTree = "<group>"; };
/* End PBXFileReference section */

/* Begin PBXFrameworksBuildPhase section */
		A06E0BAE2B172C0100BBB2CC /* Frameworks */ = {
			isa = PBXFrameworksBuildPhase;
			buildActionMask = 2147483647;
			files = (
			);
			runOnlyForDeploymentPostprocessing = 0;
		};
/* End PBXFrameworksBuildPhase section */

/* Begin PBXGroup section */
		A06E0BA82B172C0000BBB2CC = {
			isa = PBXGroup;
			children = (
				A06E0BB32B172C0100BBB2CC /* DeshAndDezTask */,
				A06E0BB22B172C0100BBB2CC /* Products */,
			);
			sourceTree = "<group>";
		};
		A06E0BB22B172C0100BBB2CC /* Products */ = {
			isa = PBXGroup;
			children = (
				A06E0BB12B172C0100BBB2CC /* DeshAndDezTask.app */,
			);
			name = Products;
			sourceTree = "<group>";
		};
		A06E0BB32B172C0100BBB2CC /* DeshAndDezTask */ = {
			isa = PBXGroup;
			children = (
				A06E0BD12B173EA600BBB2CC /* Extensions */,
				A06E0BCE2B17324700BBB2CC /* Utilities */,
				A06E0BF02B1770C600BBB2CC /* Modules */,
				A06E0BB42B172C0100BBB2CC /* AppDelegate.swift */,
				A06E0BB62B172C0100BBB2CC /* SceneDelegate.swift */,
				A06E0BB82B172C0100BBB2CC /* ViewController.swift */,
				A06E0BBA2B172C0100BBB2CC /* Main.storyboard */,
				A06E0BBD2B172C0300BBB2CC /* Assets.xcassets */,
				A06E0BBF2B172C0300BBB2CC /* LaunchScreen.storyboard */,
				A06E0BC22B172C0300BBB2CC /* Info.plist */,
			);
			path = DeshAndDezTask;
			sourceTree = "<group>";
		};
		A06E0BC82B172D2800BBB2CC /* Categories */ = {
			isa = PBXGroup;
			children = (
				A06E0C162B178A5700BBB2CC /* ViewModel */,
				A06E0C072B17863200BBB2CC /* Model */,
				A06E0BF72B17863200BBB2CC /* ViewController */,
			);
			path = Categories;
			sourceTree = "<group>";
		};
		A06E0BCE2B17324700BBB2CC /* Utilities */ = {
			isa = PBXGroup;
			children = (
				A06E0BD62B17418200BBB2CC /* CustomView.swift */,
				A06E0BDF2B17520800BBB2CC /* CustomImageView.swift */,
				A06E0BEE2B176EA100BBB2CC /* CustomButton.swift */,
			);
			path = Utilities;
			sourceTree = "<group>";
		};
		A06E0BD12B173EA600BBB2CC /* Extensions */ = {
			isa = PBXGroup;
			children = (
				A06E0C142B17870300BBB2CC /* String+Extension.swift */,
				A06E0BD42B173EFA00BBB2CC /* UIColor+Extension.swift */,
				A06E0BE12B17532100BBB2CC /* UIView+Extension.swift */,
			);
			path = Extensions;
			sourceTree = "<group>";
		};
		A06E0BF02B1770C600BBB2CC /* Modules */ = {
			isa = PBXGroup;
			children = (
				A06E0BC82B172D2800BBB2CC /* Categories */,
				A06E0BF12B1770CE00BBB2CC /* CreateAd */,
			);
			path = Modules;
			sourceTree = "<group>";
		};
		A06E0BF12B1770CE00BBB2CC /* CreateAd */ = {
			isa = PBXGroup;
			children = (
				A06E0BF22B1770E000BBB2CC /* ViewController */,
			);
			path = CreateAd;
			sourceTree = "<group>";
		};
		A06E0BF22B1770E000BBB2CC /* ViewController */ = {
			isa = PBXGroup;
			children = (
				A06E0BF32B1770F900BBB2CC /* CreateAdViewController.swift */,
				A06E0BF42B1770F900BBB2CC /* CreateAdViewController.xib */,
			);
			path = ViewController;
			sourceTree = "<group>";
		};
		A06E0BF72B17863200BBB2CC /* ViewController */ = {
			isa = PBXGroup;
			children = (
				A06E0BF92B17863200BBB2CC /* CategoriesViewController.swift */,
				A06E0BF82B17863200BBB2CC /* CategoriesViewController.xib */,
				A06E0BFA2B17863200BBB2CC /* Cell */,
			);
			path = ViewController;
			sourceTree = "<group>";
		};
		A06E0BFA2B17863200BBB2CC /* Cell */ = {
			isa = PBXGroup;
			children = (
				A06E0BFB2B17863200BBB2CC /* CategoryImageCell */,
				A06E0BFE2B17863200BBB2CC /* HorizontalCell */,
			);
			path = Cell;
			sourceTree = "<group>";
		};
		A06E0BFB2B17863200BBB2CC /* CategoryImageCell */ = {
			isa = PBXGroup;
			children = (
				A06E0BFC2B17863200BBB2CC /* CategoryImageCollectionCell.swift */,
				A06E0BFD2B17863200BBB2CC /* CategoryImageCollectionCell.xib */,
			);
			path = CategoryImageCell;
			sourceTree = "<group>";
		};
		A06E0BFE2B17863200BBB2CC /* HorizontalCell */ = {
			isa = PBXGroup;
			children = (
				A06E0C002B17863200BBB2CC /* HorizontalCollectionCell.swift */,
				A06E0BFF2B17863200BBB2CC /* HorizontalCollectionCell.xib */,
				A06E0C012B17863200BBB2CC /* DiscoverPeopleCell */,
				A06E0C042B17863200BBB2CC /* LabelCell */,
			);
			path = HorizontalCell;
			sourceTree = "<group>";
		};
		A06E0C012B17863200BBB2CC /* DiscoverPeopleCell */ = {
			isa = PBXGroup;
			children = (
				A06E0C022B17863200BBB2CC /* DiscoverPeopleCollectionCell.swift */,
				A06E0C032B17863200BBB2CC /* DiscoverPeopleCollectionCell.xib */,
			);
			path = DiscoverPeopleCell;
			sourceTree = "<group>";
		};
		A06E0C042B17863200BBB2CC /* LabelCell */ = {
			isa = PBXGroup;
			children = (
				A06E0C052B17863200BBB2CC /* LabelCollectionViewCell.swift */,
				A06E0C062B17863200BBB2CC /* LabelCollectionViewCell.xib */,
			);
			path = LabelCell;
			sourceTree = "<group>";
		};
		A06E0C072B17863200BBB2CC /* Model */ = {
			isa = PBXGroup;
			children = (
				A06E0C082B17863200BBB2CC /* User.swift */,
			);
			path = Model;
			sourceTree = "<group>";
		};
		A06E0C162B178A5700BBB2CC /* ViewModel */ = {
			isa = PBXGroup;
			children = (
				A06E0C172B178A6F00BBB2CC /* CategoriesViewModel.swift */,
			);
			path = ViewModel;
			sourceTree = "<group>";
		};
/* End PBXGroup section */

/* Begin PBXNativeTarget section */
		A06E0BB02B172C0100BBB2CC /* DeshAndDezTask */ = {
			isa = PBXNativeTarget;
			buildConfigurationList = A06E0BC52B172C0300BBB2CC /* Build configuration list for PBXNativeTarget "DeshAndDezTask" */;
			buildPhases = (
				A06E0BAD2B172C0100BBB2CC /* Sources */,
				A06E0BAE2B172C0100BBB2CC /* Frameworks */,
				A06E0BAF2B172C0100BBB2CC /* Resources */,
			);
			buildRules = (
			);
			dependencies = (
			);
			name = DeshAndDezTask;
			productName = DeshAndDezTask;
			productReference = A06E0BB12B172C0100BBB2CC /* DeshAndDezTask.app */;
			productType = "com.apple.product-type.application";
		};
/* End PBXNativeTarget section */

/* Begin PBXProject section */
		A06E0BA92B172C0100BBB2CC /* Project object */ = {
			isa = PBXProject;
			attributes = {
				BuildIndependentTargetsInParallel = 1;
				LastSwiftUpdateCheck = 1330;
				LastUpgradeCheck = 1330;
				TargetAttributes = {
					A06E0BB02B172C0100BBB2CC = {
						CreatedOnToolsVersion = 13.3;
					};
				};
			};
			buildConfigurationList = A06E0BAC2B172C0100BBB2CC /* Build configuration list for PBXProject "DeshAndDezTask" */;
			compatibilityVersion = "Xcode 13.0";
			developmentRegion = en;
			hasScannedForEncodings = 0;
			knownRegions = (
				en,
				Base,
			);
			mainGroup = A06E0BA82B172C0000BBB2CC;
			productRefGroup = A06E0BB22B172C0100BBB2CC /* Products */;
			projectDirPath = "";
			projectRoot = "";
			targets = (
				A06E0BB02B172C0100BBB2CC /* DeshAndDezTask */,
			);
		};
/* End PBXProject section */

/* Begin PBXResourcesBuildPhase section */
		A06E0BAF2B172C0100BBB2CC /* Resources */ = {
			isa = PBXResourcesBuildPhase;
			buildActionMask = 2147483647;
			files = (
				A06E0BC12B172C0300BBB2CC /* LaunchScreen.storyboard in Resources */,
				A06E0BF62B1770F900BBB2CC /* CreateAdViewController.xib in Resources */,
				A06E0C102B17863200BBB2CC /* DiscoverPeopleCollectionCell.xib in Resources */,
				A06E0C0D2B17863200BBB2CC /* HorizontalCollectionCell.xib in Resources */,
				A06E0C092B17863200BBB2CC /* CategoriesViewController.xib in Resources */,
				A06E0BBE2B172C0300BBB2CC /* Assets.xcassets in Resources */,
				A06E0BBC2B172C0100BBB2CC /* Main.storyboard in Resources */,
				A06E0C122B17863200BBB2CC /* LabelCollectionViewCell.xib in Resources */,
				A06E0C0C2B17863200BBB2CC /* CategoryImageCollectionCell.xib in Resources */,
			);
			runOnlyForDeploymentPostprocessing = 0;
		};
/* End PBXResourcesBuildPhase section */

/* Begin PBXSourcesBuildPhase section */
		A06E0BAD2B172C0100BBB2CC /* Sources */ = {
			isa = PBXSourcesBuildPhase;
			buildActionMask = 2147483647;
			files = (
				A06E0C152B17870300BBB2CC /* String+Extension.swift in Sources */,
				A06E0BEF2B176EA100BBB2CC /* CustomButton.swift in Sources */,
				A06E0BD52B173EFA00BBB2CC /* UIColor+Extension.swift in Sources */,
				A06E0BF52B1770F900BBB2CC /* CreateAdViewController.swift in Sources */,
				A06E0BE02B17520800BBB2CC /* CustomImageView.swift in Sources */,
				A06E0C0A2B17863200BBB2CC /* CategoriesViewController.swift in Sources */,
				A06E0C0B2B17863200BBB2CC /* CategoryImageCollectionCell.swift in Sources */,
				A06E0C0F2B17863200BBB2CC /* DiscoverPeopleCollectionCell.swift in Sources */,
				A06E0BD72B17418200BBB2CC /* CustomView.swift in Sources */,
				A06E0C132B17863200BBB2CC /* User.swift in Sources */,
				A06E0C182B178A6F00BBB2CC /* CategoriesViewModel.swift in Sources */,
				A06E0BB92B172C0100BBB2CC /* ViewController.swift in Sources */,
				A06E0C112B17863200BBB2CC /* LabelCollectionViewCell.swift in Sources */,
				A06E0BB52B172C0100BBB2CC /* AppDelegate.swift in Sources */,
				A06E0BE22B17532100BBB2CC /* UIView+Extension.swift in Sources */,
				A06E0BB72B172C0100BBB2CC /* SceneDelegate.swift in Sources */,
				A06E0C0E2B17863200BBB2CC /* HorizontalCollectionCell.swift in Sources */,
			);
			runOnlyForDeploymentPostprocessing = 0;
		};
/* End PBXSourcesBuildPhase section */

/* Begin PBXVariantGroup section */
		A06E0BBA2B172C0100BBB2CC /* Main.storyboard */ = {
			isa = PBXVariantGroup;
			children = (
				A06E0BBB2B172C0100BBB2CC /* Base */,
			);
			name = Main.storyboard;
			sourceTree = "<group>";
		};
		A06E0BBF2B172C0300BBB2CC /* LaunchScreen.storyboard */ = {
			isa = PBXVariantGroup;
			children = (
				A06E0BC02B172C0300BBB2CC /* Base */,
			);
			name = LaunchScreen.storyboard;
			sourceTree = "<group>";
		};
/* End PBXVariantGroup section */

/* Begin XCBuildConfiguration section */
		A06E0BC32B172C0300BBB2CC /* Debug */ = {
			isa = XCBuildConfiguration;
			buildSettings = {
				ALWAYS_SEARCH_USER_PATHS = NO;
				CLANG_ANALYZER_NONNULL = YES;
				CLANG_ANALYZER_NUMBER_OBJECT_CONVERSION = YES_AGGRESSIVE;
				CLANG_CXX_LANGUAGE_STANDARD = "gnu++17";
				CLANG_ENABLE_MODULES = YES;
				CLANG_ENABLE_OBJC_ARC = YES;
				CLANG_ENABLE_OBJC_WEAK = YES;
				CLANG_WARN_BLOCK_CAPTURE_AUTORELEASING = YES;
				CLANG_WARN_BOOL_CONVERSION = YES;
				CLANG_WARN_COMMA = YES;
				CLANG_WARN_CONSTANT_CONVERSION = YES;
				CLANG_WARN_DEPRECATED_OBJC_IMPLEMENTATIONS = YES;
				CLANG_WARN_DIRECT_OBJC_ISA_USAGE = YES_ERROR;
				CLANG_WARN_DOCUMENTATION_COMMENTS = YES;
				CLANG_WARN_EMPTY_BODY = YES;
				CLANG_WARN_ENUM_CONVERSION = YES;
				CLANG_WARN_INFINITE_RECURSION = YES;
				CLANG_WARN_INT_CONVERSION = YES;
				CLANG_WARN_NON_LITERAL_NULL_CONVERSION = YES;
				CLANG_WARN_OBJC_IMPLICIT_RETAIN_SELF = YES;
				CLANG_WARN_OBJC_LITERAL_CONVERSION = YES;
				CLANG_WARN_OBJC_ROOT_CLASS = YES_ERROR;
				CLANG_WARN_QUOTED_INCLUDE_IN_FRAMEWORK_HEADER = YES;
				CLANG_WARN_RANGE_LOOP_ANALYSIS = YES;
				CLANG_WARN_STRICT_PROTOTYPES = YES;
				CLANG_WARN_SUSPICIOUS_MOVE = YES;
				CLANG_WARN_UNGUARDED_AVAILABILITY = YES_AGGRESSIVE;
				CLANG_WARN_UNREACHABLE_CODE = YES;
				CLANG_WARN__DUPLICATE_METHOD_MATCH = YES;
				COPY_PHASE_STRIP = NO;
				DEBUG_INFORMATION_FORMAT = dwarf;
				ENABLE_STRICT_OBJC_MSGSEND = YES;
				ENABLE_TESTABILITY = YES;
				GCC_C_LANGUAGE_STANDARD = gnu11;
				GCC_DYNAMIC_NO_PIC = NO;
				GCC_NO_COMMON_BLOCKS = YES;
				GCC_OPTIMIZATION_LEVEL = 0;
				GCC_PREPROCESSOR_DEFINITIONS = (
					"DEBUG=1",
					"$(inherited)",
				);
				GCC_WARN_64_TO_32_BIT_CONVERSION = YES;
				GCC_WARN_ABOUT_RETURN_TYPE = YES_ERROR;
				GCC_WARN_UNDECLARED_SELECTOR = YES;
				GCC_WARN_UNINITIALIZED_AUTOS = YES_AGGRESSIVE;
				GCC_WARN_UNUSED_FUNCTION = YES;
				GCC_WARN_UNUSED_VARIABLE = YES;
				IPHONEOS_DEPLOYMENT_TARGET = 15.4;
				MTL_ENABLE_DEBUG_INFO = INCLUDE_SOURCE;
				MTL_FAST_MATH = YES;
				ONLY_ACTIVE_ARCH = YES;
				SDKROOT = iphoneos;
				SWIFT_ACTIVE_COMPILATION_CONDITIONS = DEBUG;
				SWIFT_OPTIMIZATION_LEVEL = "-Onone";
			};
			name = Debug;
		};
		A06E0BC42B172C0300BBB2CC /* Release */ = {
			isa = XCBuildConfiguration;
			buildSettings = {
				ALWAYS_SEARCH_USER_PATHS = NO;
				CLANG_ANALYZER_NONNULL = YES;
				CLANG_ANALYZER_NUMBER_OBJECT_CONVERSION = YES_AGGRESSIVE;
				CLANG_CXX_LANGUAGE_STANDARD = "gnu++17";
				CLANG_ENABLE_MODULES = YES;
				CLANG_ENABLE_OBJC_ARC = YES;
				CLANG_ENABLE_OBJC_WEAK = YES;
				CLANG_WARN_BLOCK_CAPTURE_AUTORELEASING = YES;
				CLANG_WARN_BOOL_CONVERSION = YES;
				CLANG_WARN_COMMA = YES;
				CLANG_WARN_CONSTANT_CONVERSION = YES;
				CLANG_WARN_DEPRECATED_OBJC_IMPLEMENTATIONS = YES;
				CLANG_WARN_DIRECT_OBJC_ISA_USAGE = YES_ERROR;
				CLANG_WARN_DOCUMENTATION_COMMENTS = YES;
				CLANG_WARN_EMPTY_BODY = YES;
				CLANG_WARN_ENUM_CONVERSION = YES;
				CLANG_WARN_INFINITE_RECURSION = YES;
				CLANG_WARN_INT_CONVERSION = YES;
				CLANG_WARN_NON_LITERAL_NULL_CONVERSION = YES;
				CLANG_WARN_OBJC_IMPLICIT_RETAIN_SELF = YES;
				CLANG_WARN_OBJC_LITERAL_CONVERSION = YES;
				CLANG_WARN_OBJC_ROOT_CLASS = YES_ERROR;
				CLANG_WARN_QUOTED_INCLUDE_IN_FRAMEWORK_HEADER = YES;
				CLANG_WARN_RANGE_LOOP_ANALYSIS = YES;
				CLANG_WARN_STRICT_PROTOTYPES = YES;
				CLANG_WARN_SUSPICIOUS_MOVE = YES;
				CLANG_WARN_UNGUARDED_AVAILABILITY = YES_AGGRESSIVE;
				CLANG_WARN_UNREACHABLE_CODE = YES;
				CLANG_WARN__DUPLICATE_METHOD_MATCH = YES;
				COPY_PHASE_STRIP = NO;
				DEBUG_INFORMATION_FORMAT = "dwarf-with-dsym";
				ENABLE_NS_ASSERTIONS = NO;
				ENABLE_STRICT_OBJC_MSGSEND = YES;
				GCC_C_LANGUAGE_STANDARD = gnu11;
				GCC_NO_COMMON_BLOCKS = YES;
				GCC_WARN_64_TO_32_BIT_CONVERSION = YES;
				GCC_WARN_ABOUT_RETURN_TYPE = YES_ERROR;
				GCC_WARN_UNDECLARED_SELECTOR = YES;
				GCC_WARN_UNINITIALIZED_AUTOS = YES_AGGRESSIVE;
				GCC_WARN_UNUSED_FUNCTION = YES;
				GCC_WARN_UNUSED_VARIABLE = YES;
				IPHONEOS_DEPLOYMENT_TARGET = 15.4;
				MTL_ENABLE_DEBUG_INFO = NO;
				MTL_FAST_MATH = YES;
				SDKROOT = iphoneos;
				SWIFT_COMPILATION_MODE = wholemodule;
				SWIFT_OPTIMIZATION_LEVEL = "-O";
				VALIDATE_PRODUCT = YES;
			};
			name = Release;
		};
		A06E0BC62B172C0300BBB2CC /* Debug */ = {
			isa = XCBuildConfiguration;
			buildSettings = {
				ASSETCATALOG_COMPILER_APPICON_NAME = AppIcon;
				ASSETCATALOG_COMPILER_GLOBAL_ACCENT_COLOR_NAME = AccentColor;
				CODE_SIGN_STYLE = Automatic;
				CURRENT_PROJECT_VERSION = 1;
				GENERATE_INFOPLIST_FILE = YES;
				INFOPLIST_FILE = DeshAndDezTask/Info.plist;
				INFOPLIST_KEY_UIApplicationSupportsIndirectInputEvents = YES;
				INFOPLIST_KEY_UILaunchStoryboardName = LaunchScreen;
				INFOPLIST_KEY_UISupportedInterfaceOrientations = UIInterfaceOrientationPortrait;
				INFOPLIST_KEY_UISupportedInterfaceOrientations_iPad = "UIInterfaceOrientationPortrait UIInterfaceOrientationPortraitUpsideDown UIInterfaceOrientationLandscapeLeft UIInterfaceOrientationLandscapeRight";
				INFOPLIST_KEY_UISupportedInterfaceOrientations_iPhone = "UIInterfaceOrientationPortrait UIInterfaceOrientationLandscapeLeft UIInterfaceOrientationLandscapeRight";
				IPHONEOS_DEPLOYMENT_TARGET = 13.0;
				LD_RUNPATH_SEARCH_PATHS = (
					"$(inherited)",
					"@executable_path/Frameworks",
				);
				MARKETING_VERSION = 1.0;
				PRODUCT_BUNDLE_IDENTIFIER = Ammar.DeshAndDezTask;
				PRODUCT_NAME = "$(TARGET_NAME)";
				SWIFT_EMIT_LOC_STRINGS = YES;
				SWIFT_VERSION = 5.0;
				TARGETED_DEVICE_FAMILY = 1;
			};
			name = Debug;
		};
		A06E0BC72B172C0300BBB2CC /* Release */ = {
			isa = XCBuildConfiguration;
			buildSettings = {
				ASSETCATALOG_COMPILER_APPICON_NAME = AppIcon;
				ASSETCATALOG_COMPILER_GLOBAL_ACCENT_COLOR_NAME = AccentColor;
				CODE_SIGN_STYLE = Automatic;
				CURRENT_PROJECT_VERSION = 1;
				GENERATE_INFOPLIST_FILE = YES;
				INFOPLIST_FILE = DeshAndDezTask/Info.plist;
				INFOPLIST_KEY_UIApplicationSupportsIndirectInputEvents = YES;
				INFOPLIST_KEY_UILaunchStoryboardName = LaunchScreen;
				INFOPLIST_KEY_UISupportedInterfaceOrientations = UIInterfaceOrientationPortrait;
				INFOPLIST_KEY_UISupportedInterfaceOrientations_iPad = "UIInterfaceOrientationPortrait UIInterfaceOrientationPortraitUpsideDown UIInterfaceOrientationLandscapeLeft UIInterfaceOrientationLandscapeRight";
				INFOPLIST_KEY_UISupportedInterfaceOrientations_iPhone = "UIInterfaceOrientationPortrait UIInterfaceOrientationLandscapeLeft UIInterfaceOrientationLandscapeRight";
				IPHONEOS_DEPLOYMENT_TARGET = 13.0;
				LD_RUNPATH_SEARCH_PATHS = (
					"$(inherited)",
					"@executable_path/Frameworks",
				);
				MARKETING_VERSION = 1.0;
				PRODUCT_BUNDLE_IDENTIFIER = Ammar.DeshAndDezTask;
				PRODUCT_NAME = "$(TARGET_NAME)";
				SWIFT_EMIT_LOC_STRINGS = YES;
				SWIFT_VERSION = 5.0;
				TARGETED_DEVICE_FAMILY = 1;
			};
			name = Release;
		};
/* End XCBuildConfiguration section */

/* Begin XCConfigurationList section */
		A06E0BAC2B172C0100BBB2CC /* Build configuration list for PBXProject "DeshAndDezTask" */ = {
			isa = XCConfigurationList;
			buildConfigurations = (
				A06E0BC32B172C0300BBB2CC /* Debug */,
				A06E0BC42B172C0300BBB2CC /* Release */,
			);
			defaultConfigurationIsVisible = 0;
			defaultConfigurationName = Release;
		};
		A06E0BC52B172C0300BBB2CC /* Build configuration list for PBXNativeTarget "DeshAndDezTask" */ = {
			isa = XCConfigurationList;
			buildConfigurations = (
				A06E0BC62B172C0300BBB2CC /* Debug */,
				A06E0BC72B172C0300BBB2CC /* Release */,
			);
			defaultConfigurationIsVisible = 0;
			defaultConfigurationName = Release;
		};
/* End XCConfigurationList section */
	};
	rootObject = A06E0BA92B172C0100BBB2CC /* Project object */;
}
